// !$*UTF8*$!
{
	archiveVersion = 1;
	classes = {
	};
	objectVersion = 46;
	objects = {

/* Begin PBXBuildFile section */
		16C1DC659EB3084A100CC4F9 /* Pods_W6D3QuotePro.framework in Frameworks */ = {isa = PBXBuildFile; fileRef = F857AEF6F77359A598BCC254 /* Pods_W6D3QuotePro.framework */; };
		A7A4965D1CBE9207006A321F /* AppDelegate.swift in Sources */ = {isa = PBXBuildFile; fileRef = A7A4965C1CBE9207006A321F /* AppDelegate.swift */; };
		A7A4965F1CBE9207006A321F /* ViewController.swift in Sources */ = {isa = PBXBuildFile; fileRef = A7A4965E1CBE9207006A321F /* ViewController.swift */; };
		A7A496621CBE9207006A321F /* Main.storyboard in Resources */ = {isa = PBXBuildFile; fileRef = A7A496601CBE9207006A321F /* Main.storyboard */; };
		A7A496641CBE9207006A321F /* Assets.xcassets in Resources */ = {isa = PBXBuildFile; fileRef = A7A496631CBE9207006A321F /* Assets.xcassets */; };
		A7A496671CBE9207006A321F /* LaunchScreen.storyboard in Resources */ = {isa = PBXBuildFile; fileRef = A7A496651CBE9207006A321F /* LaunchScreen.storyboard */; };
		A7A496721CBE9781006A321F /* QuoteViewController.swift in Sources */ = {isa = PBXBuildFile; fileRef = A7A496701CBE9781006A321F /* QuoteViewController.swift */; };
		A7A496731CBE9781006A321F /* QuoteViewController.xib in Resources */ = {isa = PBXBuildFile; fileRef = A7A496711CBE9781006A321F /* QuoteViewController.xib */; };
		A7A496751CBE979D006A321F /* QuoteView.swift in Sources */ = {isa = PBXBuildFile; fileRef = A7A496741CBE979D006A321F /* QuoteView.swift */; };
		A7A496781CBE98B4006A321F /* Quote.swift in Sources */ = {isa = PBXBuildFile; fileRef = A7A496771CBE98B4006A321F /* Quote.swift */; };
		A7A4967A1CBE98C0006A321F /* Photo.swift in Sources */ = {isa = PBXBuildFile; fileRef = A7A496791CBE98C0006A321F /* Photo.swift */; };
		A7A4967D1CBEA294006A321F /* DataManager.swift in Sources */ = {isa = PBXBuildFile; fileRef = A7A4967C1CBEA294006A321F /* DataManager.swift */; };
/* End PBXBuildFile section */

/* Begin PBXFileReference section */
		A44CDA3D0A8BD8B300E63861 /* Pods-W6D3QuotePro.debug.xcconfig */ = {isa = PBXFileReference; includeInIndex = 1; lastKnownFileType = text.xcconfig; name = "Pods-W6D3QuotePro.debug.xcconfig"; path = "Pods/Target Support Files/Pods-W6D3QuotePro/Pods-W6D3QuotePro.debug.xcconfig"; sourceTree = "<group>"; };
		A7A496591CBE9207006A321F /* W6D3QuotePro.app */ = {isa = PBXFileReference; explicitFileType = wrapper.application; includeInIndex = 0; path = W6D3QuotePro.app; sourceTree = BUILT_PRODUCTS_DIR; };
		A7A4965C1CBE9207006A321F /* AppDelegate.swift */ = {isa = PBXFileReference; lastKnownFileType = sourcecode.swift; path = AppDelegate.swift; sourceTree = "<group>"; };
		A7A4965E1CBE9207006A321F /* ViewController.swift */ = {isa = PBXFileReference; lastKnownFileType = sourcecode.swift; path = ViewController.swift; sourceTree = "<group>"; };
		A7A496611CBE9207006A321F /* Base */ = {isa = PBXFileReference; lastKnownFileType = file.storyboard; name = Base; path = Base.lproj/Main.storyboard; sourceTree = "<group>"; };
		A7A496631CBE9207006A321F /* Assets.xcassets */ = {isa = PBXFileReference; lastKnownFileType = folder.assetcatalog; path = Assets.xcassets; sourceTree = "<group>"; };
		A7A496661CBE9207006A321F /* Base */ = {isa = PBXFileReference; lastKnownFileType = file.storyboard; name = Base; path = Base.lproj/LaunchScreen.storyboard; sourceTree = "<group>"; };
		A7A496681CBE9207006A321F /* Info.plist */ = {isa = PBXFileReference; lastKnownFileType = text.plist.xml; path = Info.plist; sourceTree = "<group>"; };
		A7A496701CBE9781006A321F /* QuoteViewController.swift */ = {isa = PBXFileReference; fileEncoding = 4; lastKnownFileType = sourcecode.swift; path = QuoteViewController.swift; sourceTree = "<group>"; };
		A7A496711CBE9781006A321F /* QuoteViewController.xib */ = {isa = PBXFileReference; fileEncoding = 4; lastKnownFileType = file.xib; path = QuoteViewController.xib; sourceTree = "<group>"; };
		A7A496741CBE979D006A321F /* QuoteView.swift */ = {isa = PBXFileReference; fileEncoding = 4; lastKnownFileType = sourcecode.swift; path = QuoteView.swift; sourceTree = "<group>"; };
		A7A496771CBE98B4006A321F /* Quote.swift */ = {isa = PBXFileReference; fileEncoding = 4; lastKnownFileType = sourcecode.swift; path = Quote.swift; sourceTree = "<group>"; };
		A7A496791CBE98C0006A321F /* Photo.swift */ = {isa = PBXFileReference; fileEncoding = 4; lastKnownFileType = sourcecode.swift; path = Photo.swift; sourceTree = "<group>"; };
		A7A4967C1CBEA294006A321F /* DataManager.swift */ = {isa = PBXFileReference; fileEncoding = 4; lastKnownFileType = sourcecode.swift; path = DataManager.swift; sourceTree = "<group>"; };
		DE8D937870C8F617B843539A /* Pods-W6D3QuotePro.release.xcconfig */ = {isa = PBXFileReference; includeInIndex = 1; lastKnownFileType = text.xcconfig; name = "Pods-W6D3QuotePro.release.xcconfig"; path = "Pods/Target Support Files/Pods-W6D3QuotePro/Pods-W6D3QuotePro.release.xcconfig"; sourceTree = "<group>"; };
		F857AEF6F77359A598BCC254 /* Pods_W6D3QuotePro.framework */ = {isa = PBXFileReference; explicitFileType = wrapper.framework; includeInIndex = 0; path = Pods_W6D3QuotePro.framework; sourceTree = BUILT_PRODUCTS_DIR; };
/* End PBXFileReference section */

/* Begin PBXFrameworksBuildPhase section */
		A7A496561CBE9207006A321F /* Frameworks */ = {
			isa = PBXFrameworksBuildPhase;
			buildActionMask = 2147483647;
			files = (
				16C1DC659EB3084A100CC4F9 /* Pods_W6D3QuotePro.framework in Frameworks */,
			);
			runOnlyForDeploymentPostprocessing = 0;
		};
/* End PBXFrameworksBuildPhase section */

/* Begin PBXGroup section */
		91A3FB9CABCE63BE3FFE81B9 /* Frameworks */ = {
			isa = PBXGroup;
			children = (
				F857AEF6F77359A598BCC254 /* Pods_W6D3QuotePro.framework */,
			);
			name = Frameworks;
			sourceTree = "<group>";
		};
		A7A496501CBE9207006A321F = {
			isa = PBXGroup;
			children = (
				A7A4965B1CBE9207006A321F /* W6D3QuotePro */,
				A7A4965A1CBE9207006A321F /* Products */,
				C8D8EED31F014F34ABA6B99F /* Pods */,
				91A3FB9CABCE63BE3FFE81B9 /* Frameworks */,
			);
			sourceTree = "<group>";
		};
		A7A4965A1CBE9207006A321F /* Products */ = {
			isa = PBXGroup;
			children = (
				A7A496591CBE9207006A321F /* W6D3QuotePro.app */,
			);
			name = Products;
			sourceTree = "<group>";
		};
		A7A4965B1CBE9207006A321F /* W6D3QuotePro */ = {
			isa = PBXGroup;
			children = (
				A7A4966F1CBE9636006A321F /* View */,
				A7A4966E1CBE962E006A321F /* View Controllers */,
				A7A496761CBE989E006A321F /* Model */,
				A7A4967B1CBEA268006A321F /* Helper Classes */,
				A7A4965C1CBE9207006A321F /* AppDelegate.swift */,
				A7A496601CBE9207006A321F /* Main.storyboard */,
				A7A496631CBE9207006A321F /* Assets.xcassets */,
				A7A496651CBE9207006A321F /* LaunchScreen.storyboard */,
				A7A496681CBE9207006A321F /* Info.plist */,
			);
			path = W6D3QuotePro;
			sourceTree = "<group>";
		};
		A7A4966E1CBE962E006A321F /* View Controllers */ = {
			isa = PBXGroup;
			children = (
				A7A4965E1CBE9207006A321F /* ViewController.swift */,
				A7A496701CBE9781006A321F /* QuoteViewController.swift */,
			);
			name = "View Controllers";
			sourceTree = "<group>";
		};
		A7A4966F1CBE9636006A321F /* View */ = {
			isa = PBXGroup;
			children = (
				A7A496741CBE979D006A321F /* QuoteView.swift */,
				A7A496711CBE9781006A321F /* QuoteViewController.xib */,
			);
			name = View;
			sourceTree = "<group>";
		};
		A7A496761CBE989E006A321F /* Model */ = {
			isa = PBXGroup;
			children = (
				A7A496771CBE98B4006A321F /* Quote.swift */,
				A7A496791CBE98C0006A321F /* Photo.swift */,
			);
			name = Model;
			sourceTree = "<group>";
		};
		A7A4967B1CBEA268006A321F /* Helper Classes */ = {
			isa = PBXGroup;
			children = (
				A7A4967C1CBEA294006A321F /* DataManager.swift */,
			);
			name = "Helper Classes";
			sourceTree = "<group>";
		};
		C8D8EED31F014F34ABA6B99F /* Pods */ = {
			isa = PBXGroup;
			children = (
				A44CDA3D0A8BD8B300E63861 /* Pods-W6D3QuotePro.debug.xcconfig */,
				DE8D937870C8F617B843539A /* Pods-W6D3QuotePro.release.xcconfig */,
			);
			name = Pods;
			sourceTree = "<group>";
		};
/* End PBXGroup section */

/* Begin PBXNativeTarget section */
		A7A496581CBE9207006A321F /* W6D3QuotePro */ = {
			isa = PBXNativeTarget;
			buildConfigurationList = A7A4966B1CBE9207006A321F /* Build configuration list for PBXNativeTarget "W6D3QuotePro" */;
			buildPhases = (
				D9E6BE2BEC093A2CE5F4D1DF /* Check Pods Manifest.lock */,
				A7A496551CBE9207006A321F /* Sources */,
				A7A496561CBE9207006A321F /* Frameworks */,
				A7A496571CBE9207006A321F /* Resources */,
				233A1E32BE5630AD68A72961 /* Embed Pods Frameworks */,
				C1C1F214CA7D9FF3C01861FD /* Copy Pods Resources */,
			);
			buildRules = (
			);
			dependencies = (
			);
			name = W6D3QuotePro;
			productName = W6D3QuotePro;
			productReference = A7A496591CBE9207006A321F /* W6D3QuotePro.app */;
			productType = "com.apple.product-type.application";
		};
/* End PBXNativeTarget section */

/* Begin PBXProject section */
		A7A496511CBE9207006A321F /* Project object */ = {
			isa = PBXProject;
			attributes = {
				LastSwiftUpdateCheck = 0730;
				LastUpgradeCheck = 0730;
				ORGANIZATIONNAME = AccessIT;
				TargetAttributes = {
					A7A496581CBE9207006A321F = {
						CreatedOnToolsVersion = 7.3;
						DevelopmentTeam = DA62YQ6NQN;
					};
				};
			};
			buildConfigurationList = A7A496541CBE9207006A321F /* Build configuration list for PBXProject "W6D3QuotePro" */;
			compatibilityVersion = "Xcode 3.2";
			developmentRegion = English;
			hasScannedForEncodings = 0;
			knownRegions = (
				en,
				Base,
			);
			mainGroup = A7A496501CBE9207006A321F;
			productRefGroup = A7A4965A1CBE9207006A321F /* Products */;
			projectDirPath = "";
			projectRoot = "";
			targets = (
				A7A496581CBE9207006A321F /* W6D3QuotePro */,
			);
		};
/* End PBXProject section */

/* Begin PBXResourcesBuildPhase section */
		A7A496571CBE9207006A321F /* Resources */ = {
			isa = PBXResourcesBuildPhase;
			buildActionMask = 2147483647;
			files = (
				A7A496671CBE9207006A321F /* LaunchScreen.storyboard in Resources */,
				A7A496731CBE9781006A321F /* QuoteViewController.xib in Resources */,
				A7A496641CBE9207006A321F /* Assets.xcassets in Resources */,
				A7A496621CBE9207006A321F /* Main.storyboard in Resources */,
			);
			runOnlyForDeploymentPostprocessing = 0;
		};
/* End PBXResourcesBuildPhase section */

/* Begin PBXShellScriptBuildPhase section */
		233A1E32BE5630AD68A72961 /* Embed Pods Frameworks */ = {
			isa = PBXShellScriptBuildPhase;
			buildActionMask = 2147483647;
			files = (
			);
			inputPaths = (
			);
			name = "Embed Pods Frameworks";
			outputPaths = (
			);
			runOnlyForDeploymentPostprocessing = 0;
			shellPath = /bin/sh;
			shellScript = "\"${SRCROOT}/Pods/Target Support Files/Pods-W6D3QuotePro/Pods-W6D3QuotePro-frameworks.sh\"\n";
			showEnvVarsInLog = 0;
		};
		C1C1F214CA7D9FF3C01861FD /* Copy Pods Resources */ = {
			isa = PBXShellScriptBuildPhase;
			buildActionMask = 2147483647;
			files = (
			);
			inputPaths = (
			);
			name = "Copy Pods Resources";
			outputPaths = (
			);
			runOnlyForDeploymentPostprocessing = 0;
			shellPath = /bin/sh;
			shellScript = "\"${SRCROOT}/Pods/Target Support Files/Pods-W6D3QuotePro/Pods-W6D3QuotePro-resources.sh\"\n";
			showEnvVarsInLog = 0;
		};
		D9E6BE2BEC093A2CE5F4D1DF /* Check Pods Manifest.lock */ = {
			isa = PBXShellScriptBuildPhase;
			buildActionMask = 2147483647;
			files = (
			);
			inputPaths = (
			);
			name = "Check Pods Manifest.lock";
			outputPaths = (
			);
			runOnlyForDeploymentPostprocessing = 0;
			shellPath = /bin/sh;
			shellScript = "diff \"${PODS_ROOT}/../Podfile.lock\" \"${PODS_ROOT}/Manifest.lock\" > /dev/null\nif [[ $? != 0 ]] ; then\n    cat << EOM\nerror: The sandbox is not in sync with the Podfile.lock. Run 'pod install' or update your CocoaPods installation.\nEOM\n    exit 1\nfi\n";
			showEnvVarsInLog = 0;
		};
/* End PBXShellScriptBuildPhase section */

/* Begin PBXSourcesBuildPhase section */
		A7A496551CBE9207006A321F /* Sources */ = {
			isa = PBXSourcesBuildPhase;
			buildActionMask = 2147483647;
			files = (
				A7A4967A1CBE98C0006A321F /* Photo.swift in Sources */,
				A7A496721CBE9781006A321F /* QuoteViewController.swift in Sources */,
				A7A4965F1CBE9207006A321F /* ViewController.swift in Sources */,
				A7A4967D1CBEA294006A321F /* DataManager.swift in Sources */,
				A7A4965D1CBE9207006A321F /* AppDelegate.swift in Sources */,
				A7A496781CBE98B4006A321F /* Quote.swift in Sources */,
				A7A496751CBE979D006A321F /* QuoteView.swift in Sources */,
			);
			runOnlyForDeploymentPostprocessing = 0;
		};
/* End PBXSourcesBuildPhase section */

/* Begin PBXVariantGroup section */
		A7A496601CBE9207006A321F /* Main.storyboard */ = {
			isa = PBXVariantGroup;
			children = (
				A7A496611CBE9207006A321F /* Base */,
			);
			name = Main.storyboard;
			sourceTree = "<group>";
		};
		A7A496651CBE9207006A321F /* LaunchScreen.storyboard */ = {
			isa = PBXVariantGroup;
			children = (
				A7A496661CBE9207006A321F /* Base */,
			);
			name = LaunchScreen.storyboard;
			sourceTree = "<group>";
		};
/* End PBXVariantGroup section */

/* Begin XCBuildConfiguration section */
		A7A496691CBE9207006A321F /* Debug */ = {
			isa = XCBuildConfiguration;
			buildSettings = {
				ALWAYS_SEARCH_USER_PATHS = NO;
				CLANG_ANALYZER_NONNULL = YES;
				CLANG_CXX_LANGUAGE_STANDARD = "gnu++0x";
				CLANG_CXX_LIBRARY = "libc++";
				CLANG_ENABLE_MODULES = YES;
				CLANG_ENABLE_OBJC_ARC = YES;
				CLANG_WARN_BOOL_CONVERSION = YES;
				CLANG_WARN_CONSTANT_CONVERSION = YES;
				CLANG_WARN_DIRECT_OBJC_ISA_USAGE = YES_ERROR;
				CLANG_WARN_EMPTY_BODY = YES;
				CLANG_WARN_ENUM_CONVERSION = YES;
				CLANG_WARN_INT_CONVERSION = YES;
				CLANG_WARN_OBJC_ROOT_CLASS = YES_ERROR;
				CLANG_WARN_UNREACHABLE_CODE = YES;
				CLANG_WARN__DUPLICATE_METHOD_MATCH = YES;
				"CODE_SIGN_IDENTITY[sdk=iphoneos*]" = "iPhone Developer";
				COPY_PHASE_STRIP = NO;
				DEBUG_INFORMATION_FORMAT = dwarf;
				ENABLE_STRICT_OBJC_MSGSEND = YES;
				ENABLE_TESTABILITY = YES;
				GCC_C_LANGUAGE_STANDARD = gnu99;
				GCC_DYNAMIC_NO_PIC = NO;
				GCC_NO_COMMON_BLOCKS = YES;
				GCC_OPTIMIZATION_LEVEL = 0;
				GCC_PREPROCESSOR_DEFINITIONS = (
					"DEBUG=1",
					"$(inherited)",
				);
				GCC_WARN_64_TO_32_BIT_CONVERSION = YES;
				GCC_WARN_ABOUT_RETURN_TYPE = YES_ERROR;
				GCC_WARN_UNDECLARED_SELECTOR = YES;
				GCC_WARN_UNINITIALIZED_AUTOS = YES_AGGRESSIVE;
				GCC_WARN_UNUSED_FUNCTION = YES;
				GCC_WARN_UNUSED_VARIABLE = YES;
				IPHONEOS_DEPLOYMENT_TARGET = 9.3;
				MTL_ENABLE_DEBUG_INFO = YES;
				ONLY_ACTIVE_ARCH = YES;
				SDKROOT = iphoneos;
				SWIFT_OPTIMIZATION_LEVEL = "-Onone";
				TARGETED_DEVICE_FAMILY = "1,2";
			};
			name = Debug;
		};
		A7A4966A1CBE9207006A321F /* Release */ = {
			isa = XCBuildConfiguration;
			buildSettings = {
				ALWAYS_SEARCH_USER_PATHS = NO;
				CLANG_ANALYZER_NONNULL = YES;
				CLANG_CXX_LANGUAGE_STANDARD = "gnu++0x";
				CLANG_CXX_LIBRARY = "libc++";
				CLANG_ENABLE_MODULES = YES;
				CLANG_ENABLE_OBJC_ARC = YES;
				CLANG_WARN_BOOL_CONVERSION = YES;
				CLANG_WARN_CONSTANT_CONVERSION = YES;
				CLANG_WARN_DIRECT_OBJC_ISA_USAGE = YES_ERROR;
				CLANG_WARN_EMPTY_BODY = YES;
				CLANG_WARN_ENUM_CONVERSION = YES;
				CLANG_WARN_INT_CONVERSION = YES;
				CLANG_WARN_OBJC_ROOT_CLASS = YES_ERROR;
				CLANG_WARN_UNREACHABLE_CODE = YES;
				CLANG_WARN__DUPLICATE_METHOD_MATCH = YES;
				"CODE_SIGN_IDENTITY[sdk=iphoneos*]" = "iPhone Developer";
				COPY_PHASE_STRIP = NO;
				DEBUG_INFORMATION_FORMAT = "dwarf-with-dsym";
				ENABLE_NS_ASSERTIONS = NO;
				ENABLE_STRICT_OBJC_MSGSEND = YES;
				GCC_C_LANGUAGE_STANDARD = gnu99;
				GCC_NO_COMMON_BLOCKS = YES;
				GCC_WARN_64_TO_32_BIT_CONVERSION = YES;
				GCC_WARN_ABOUT_RETURN_TYPE = YES_ERROR;
				GCC_WARN_UNDECLARED_SELECTOR = YES;
				GCC_WARN_UNINITIALIZED_AUTOS = YES_AGGRESSIVE;
				GCC_WARN_UNUSED_FUNCTION = YES;
				GCC_WARN_UNUSED_VARIABLE = YES;
				IPHONEOS_DEPLOYMENT_TARGET = 9.3;
				MTL_ENABLE_DEBUG_INFO = NO;
				SDKROOT = iphoneos;
				TARGETED_DEVICE_FAMILY = "1,2";
				VALIDATE_PRODUCT = YES;
			};
			name = Release;
		};
		A7A4966C1CBE9207006A321F /* Debug */ = {
			isa = XCBuildConfiguration;
			baseConfigurationReference = A44CDA3D0A8BD8B300E63861 /* Pods-W6D3QuotePro.debug.xcconfig */;
			buildSettings = {
				ASSETCATALOG_COMPILER_APPICON_NAME = AppIcon;
				INFOPLIST_FILE = W6D3QuotePro/Info.plist;
				LD_RUNPATH_SEARCH_PATHS = "$(inherited) @executable_path/Frameworks";
				PRODUCT_BUNDLE_IDENTIFIER = access.W6D3QuotePro;
				PRODUCT_NAME = "$(TARGET_NAME)";
			};
			name = Debug;
		};
		A7A4966D1CBE9207006A321F /* Release */ = {
			isa = XCBuildConfiguration;
			baseConfigurationReference = DE8D937870C8F617B843539A /* Pods-W6D3QuotePro.release.xcconfig */;
			buildSettings = {
				ASSETCATALOG_COMPILER_APPICON_NAME = AppIcon;
				INFOPLIST_FILE = W6D3QuotePro/Info.plist;
				LD_RUNPATH_SEARCH_PATHS = "$(inherited) @executable_path/Frameworks";
				PRODUCT_BUNDLE_IDENTIFIER = access.W6D3QuotePro;
				PRODUCT_NAME = "$(TARGET_NAME)";
			};
			name = Release;
		};
/* End XCBuildConfiguration section */

/* Begin XCConfigurationList section */
		A7A496541CBE9207006A321F /* Build configuration list for PBXProject "W6D3QuotePro" */ = {
			isa = XCConfigurationList;
			buildConfigurations = (
				A7A496691CBE9207006A321F /* Debug */,
				A7A4966A1CBE9207006A321F /* Release */,
			);
			defaultConfigurationIsVisible = 0;
			defaultConfigurationName = Release;
		};
		A7A4966B1CBE9207006A321F /* Build configuration list for PBXNativeTarget "W6D3QuotePro" */ = {
			isa = XCConfigurationList;
			buildConfigurations = (
				A7A4966C1CBE9207006A321F /* Debug */,
				A7A4966D1CBE9207006A321F /* Release */,
			);
			defaultConfigurationIsVisible = 0;
			defaultConfigurationName = Release;
		};
/* End XCConfigurationList section */
	};
	rootObject = A7A496511CBE9207006A321F /* Project object */;
}
